// !$*UTF8*$!
{
	archiveVersion = 1;
	classes = {
	};
	objectVersion = 77;
	objects = {

/* Begin PBXBuildFile section */
		6622BB1E2EF0F7E200FF978E /* TextClassificationApp.swift in Sources */ = {isa = PBXBuildFile; fileRef = 6622BB142EF0F7E200FF978E /* TextClassificationApp.swift */; };
		6622BB1F2EF0F7E200FF978E /* ChatModel.swift in Sources */ = {isa = PBXBuildFile; fileRef = 6622BB172EF0F7E200FF978E /* ChatModel.swift */; };
		6622BB202EF0F7E200FF978E /* WelcomeView.swift in Sources */ = {isa = PBXBuildFile; fileRef = 6622BB182EF0F7E200FF978E /* WelcomeView.swift */; };
		6622BB212EF0F7E200FF978E /* Assets.xcassets in Resources */ = {isa = PBXBuildFile; fileRef = 6622BB162EF0F7E200FF978E /* Assets.xcassets */; };
		6622BB2C2EF100E000FF978E /* ModelManager.swift in Sources */ = {isa = PBXBuildFile; fileRef = 6622BB2B2EF100E000FF978E /* ModelManager.swift */; };
		6622BB342EF10DDA00FF978E /* SQLite in Frameworks */ = {isa = PBXBuildFile; productRef = 6622BB332EF10DDA00FF978E /* SQLite */; };
		6622BB3A2EF1275A00FF978E /* MyTextClassifier.mlpackage in Sources */ = {isa = PBXBuildFile; fileRef = 6622BB392EF1275A00FF978E /* MyTextClassifier.mlpackage */; };
		6622BB3C2EF129EB00FF978E /* DataBaseViewModel.swift in Sources */ = {isa = PBXBuildFile; fileRef = 6622BB3B2EF129EB00FF978E /* DataBaseViewModel.swift */; };
		6622BB3E2EF129F800FF978E /* DataBaseManager.swift in Sources */ = {isa = PBXBuildFile; fileRef = 6622BB3D2EF129F800FF978E /* DataBaseManager.swift */; };
		6622BB412EF12EEC00FF978E /* MessageBubble.swift in Sources */ = {isa = PBXBuildFile; fileRef = 6622BB402EF12EEC00FF978E /* MessageBubble.swift */; };
		6622BB442EF1308C00FF978E /* ChatView.swift in Sources */ = {isa = PBXBuildFile; fileRef = 6622BB432EF1308C00FF978E /* ChatView.swift */; };
		6622BB462EF13D4200FF978E /* ChatViewModel.swift in Sources */ = {isa = PBXBuildFile; fileRef = 6622BB452EF13D4200FF978E /* ChatViewModel.swift */; };
		6622BB482EF1409B00FF978E /* Localizable.xcstrings in Resources */ = {isa = PBXBuildFile; fileRef = 6622BB472EF1409B00FF978E /* Localizable.xcstrings */; };
		6622BB4A2EF141EB00FF978E /* ChatModule.swift in Sources */ = {isa = PBXBuildFile; fileRef = 6622BB492EF141EB00FF978E /* ChatModule.swift */; };
/* End PBXBuildFile section */

/* Begin PBXContainerItemProxy section */
		6622BAC62EF0300600FF978E /* PBXContainerItemProxy */ = {
			isa = PBXContainerItemProxy;
			containerPortal = 6622BAAE2EF0300500FF978E /* Project object */;
			proxyType = 1;
			remoteGlobalIDString = 6622BAB52EF0300500FF978E;
			remoteInfo = TextClassification;
		};
		6622BAD02EF0300600FF978E /* PBXContainerItemProxy */ = {
			isa = PBXContainerItemProxy;
			containerPortal = 6622BAAE2EF0300500FF978E /* Project object */;
			proxyType = 1;
			remoteGlobalIDString = 6622BAB52EF0300500FF978E;
			remoteInfo = TextClassification;
		};
/* End PBXContainerItemProxy section */

/* Begin PBXFileReference section */
		6622BAB62EF0300500FF978E /* TextClassification.app */ = {isa = PBXFileReference; explicitFileType = wrapper.application; includeInIndex = 0; path = TextClassification.app; sourceTree = BUILT_PRODUCTS_DIR; };
		6622BAC52EF0300600FF978E /* TextClassificationTests.xctest */ = {isa = PBXFileReference; explicitFileType = wrapper.cfbundle; includeInIndex = 0; path = TextClassificationTests.xctest; sourceTree = BUILT_PRODUCTS_DIR; };
		6622BACF2EF0300600FF978E /* TextClassificationUITests.xctest */ = {isa = PBXFileReference; explicitFileType = wrapper.cfbundle; includeInIndex = 0; path = TextClassificationUITests.xctest; sourceTree = BUILT_PRODUCTS_DIR; };
		6622BB142EF0F7E200FF978E /* TextClassificationApp.swift */ = {isa = PBXFileReference; lastKnownFileType = sourcecode.swift; path = TextClassificationApp.swift; sourceTree = "<group>"; };
		6622BB162EF0F7E200FF978E /* Assets.xcassets */ = {isa = PBXFileReference; lastKnownFileType = folder.assetcatalog; path = Assets.xcassets; sourceTree = "<group>"; };
		6622BB172EF0F7E200FF978E /* ChatModel.swift */ = {isa = PBXFileReference; lastKnownFileType = sourcecode.swift; path = ChatModel.swift; sourceTree = "<group>"; };
		6622BB182EF0F7E200FF978E /* WelcomeView.swift */ = {isa = PBXFileReference; lastKnownFileType = sourcecode.swift; path = WelcomeView.swift; sourceTree = "<group>"; };
		6622BB2B2EF100E000FF978E /* ModelManager.swift */ = {isa = PBXFileReference; lastKnownFileType = sourcecode.swift; path = ModelManager.swift; sourceTree = "<group>"; };
		6622BB392EF1275A00FF978E /* MyTextClassifier.mlpackage */ = {isa = PBXFileReference; lastKnownFileType = folder.mlpackage; path = MyTextClassifier.mlpackage; sourceTree = "<group>"; };
		6622BB3B2EF129EB00FF978E /* DataBaseViewModel.swift */ = {isa = PBXFileReference; lastKnownFileType = sourcecode.swift; path = DataBaseViewModel.swift; sourceTree = "<group>"; };
		6622BB3D2EF129F800FF978E /* DataBaseManager.swift */ = {isa = PBXFileReference; lastKnownFileType = sourcecode.swift; path = DataBaseManager.swift; sourceTree = "<group>"; };
		6622BB402EF12EEC00FF978E /* MessageBubble.swift */ = {isa = PBXFileReference; lastKnownFileType = sourcecode.swift; path = MessageBubble.swift; sourceTree = "<group>"; };
		6622BB432EF1308C00FF978E /* ChatView.swift */ = {isa = PBXFileReference; lastKnownFileType = sourcecode.swift; path = ChatView.swift; sourceTree = "<group>"; };
		6622BB452EF13D4200FF978E /* ChatViewModel.swift */ = {isa = PBXFileReference; lastKnownFileType = sourcecode.swift; path = ChatViewModel.swift; sourceTree = "<group>"; };
		6622BB472EF1409B00FF978E /* Localizable.xcstrings */ = {isa = PBXFileReference; lastKnownFileType = text.json.xcstrings; path = Localizable.xcstrings; sourceTree = "<group>"; };
		6622BB492EF141EB00FF978E /* ChatModule.swift */ = {isa = PBXFileReference; lastKnownFileType = sourcecode.swift; path = ChatModule.swift; sourceTree = "<group>"; };
/* End PBXFileReference section */

/* Begin PBXFileSystemSynchronizedRootGroup section */
		6622BAC82EF0300600FF978E /* TextClassificationTests */ = {
			isa = PBXFileSystemSynchronizedRootGroup;
			path = TextClassificationTests;
			sourceTree = "<group>";
		};
		6622BAD22EF0300600FF978E /* TextClassificationUITests */ = {
			isa = PBXFileSystemSynchronizedRootGroup;
			path = TextClassificationUITests;
			sourceTree = "<group>";
		};
/* End PBXFileSystemSynchronizedRootGroup section */

/* Begin PBXFrameworksBuildPhase section */
		6622BAB32EF0300500FF978E /* Frameworks */ = {
			isa = PBXFrameworksBuildPhase;
			buildActionMask = 2147483647;
			files = (
				6622BB342EF10DDA00FF978E /* SQLite in Frameworks */,
			);
			runOnlyForDeploymentPostprocessing = 0;
		};
		6622BAC22EF0300600FF978E /* Frameworks */ = {
			isa = PBXFrameworksBuildPhase;
			buildActionMask = 2147483647;
			files = (
			);
			runOnlyForDeploymentPostprocessing = 0;
		};
		6622BACC2EF0300600FF978E /* Frameworks */ = {
			isa = PBXFrameworksBuildPhase;
			buildActionMask = 2147483647;
			files = (
			);
			runOnlyForDeploymentPostprocessing = 0;
		};
/* End PBXFrameworksBuildPhase section */

/* Begin PBXGroup section */
		6622BAAD2EF0300500FF978E = {
			isa = PBXGroup;
			children = (
				6622BB192EF0F7E200FF978E /* TextClassification */,
				6622BAC82EF0300600FF978E /* TextClassificationTests */,
				6622BAD22EF0300600FF978E /* TextClassificationUITests */,
				6622BB322EF10DC500FF978E /* Frameworks */,
				6622BAB72EF0300500FF978E /* Products */,
			);
			sourceTree = "<group>";
		};
		6622BAB72EF0300500FF978E /* Products */ = {
			isa = PBXGroup;
			children = (
				6622BAB62EF0300500FF978E /* TextClassification.app */,
				6622BAC52EF0300600FF978E /* TextClassificationTests.xctest */,
				6622BACF2EF0300600FF978E /* TextClassificationUITests.xctest */,
			);
			name = Products;
			sourceTree = "<group>";
		};
		6622BB152EF0F7E200FF978E /* App */ = {
			isa = PBXGroup;
			children = (
				6622BB142EF0F7E200FF978E /* TextClassificationApp.swift */,
				6622BB3B2EF129EB00FF978E /* DataBaseViewModel.swift */,
				6622BB3D2EF129F800FF978E /* DataBaseManager.swift */,
				6622BB492EF141EB00FF978E /* ChatModule.swift */,
			);
			path = App;
			sourceTree = "<group>";
		};
		6622BB192EF0F7E200FF978E /* TextClassification */ = {
			isa = PBXGroup;
			children = (
				6622BB3F2EF12ECC00FF978E /* UI Components */,
				6622BB152EF0F7E200FF978E /* App */,
				6622BB222EF0F7F100FF978E /* Features */,
				6622BB242EF0F82800FF978E /* Resources */,
			);
			path = TextClassification;
			sourceTree = "<group>";
		};
		6622BB222EF0F7F100FF978E /* Features */ = {
			isa = PBXGroup;
			children = (
				6622BB422EF1307200FF978E /* Chat */,
				6622BB232EF0F80200FF978E /* Home */,
			);
			path = Features;
			sourceTree = "<group>";
		};
		6622BB232EF0F80200FF978E /* Home */ = {
			isa = PBXGroup;
			children = (
				6622BB182EF0F7E200FF978E /* WelcomeView.swift */,
			);
			path = Home;
			sourceTree = "<group>";
		};
		6622BB242EF0F82800FF978E /* Resources */ = {
			isa = PBXGroup;
			children = (
				6622BB262EF0F9BC00FF978E /* MyTextClassifier */,
				6622BB162EF0F7E200FF978E /* Assets.xcassets */,
				6622BB472EF1409B00FF978E /* Localizable.xcstrings */,
			);
			path = Resources;
			sourceTree = "<group>";
		};
		6622BB262EF0F9BC00FF978E /* MyTextClassifier */ = {
			isa = PBXGroup;
			children = (
				6622BB2B2EF100E000FF978E /* ModelManager.swift */,
				6622BB392EF1275A00FF978E /* MyTextClassifier.mlpackage */,
			);
			path = MyTextClassifier;
			sourceTree = "<group>";
		};
		6622BB322EF10DC500FF978E /* Frameworks */ = {
			isa = PBXGroup;
			children = (
			);
			name = Frameworks;
			sourceTree = "<group>";
		};
		6622BB3F2EF12ECC00FF978E /* UI Components */ = {
			isa = PBXGroup;
			children = (
				6622BB402EF12EEC00FF978E /* MessageBubble.swift */,
			);
			path = "UI Components";
			sourceTree = "<group>";
		};
		6622BB422EF1307200FF978E /* Chat */ = {
			isa = PBXGroup;
			children = (
				6622BB432EF1308C00FF978E /* ChatView.swift */,
				6622BB172EF0F7E200FF978E /* ChatModel.swift */,
				6622BB452EF13D4200FF978E /* ChatViewModel.swift */,
			);
			path = Chat;
			sourceTree = "<group>";
		};
/* End PBXGroup section */

/* Begin PBXNativeTarget section */
		6622BAB52EF0300500FF978E /* TextClassification */ = {
			isa = PBXNativeTarget;
			buildConfigurationList = 6622BAD92EF0300600FF978E /* Build configuration list for PBXNativeTarget "TextClassification" */;
			buildPhases = (
				6622BAB22EF0300500FF978E /* Sources */,
				6622BAB32EF0300500FF978E /* Frameworks */,
				6622BAB42EF0300500FF978E /* Resources */,
			);
			buildRules = (
			);
			dependencies = (
			);
			name = TextClassification;
			packageProductDependencies = (
				6622BB332EF10DDA00FF978E /* SQLite */,
			);
			productName = TextClassification;
			productReference = 6622BAB62EF0300500FF978E /* TextClassification.app */;
			productType = "com.apple.product-type.application";
		};
		6622BAC42EF0300600FF978E /* TextClassificationTests */ = {
			isa = PBXNativeTarget;
			buildConfigurationList = 6622BADC2EF0300600FF978E /* Build configuration list for PBXNativeTarget "TextClassificationTests" */;
			buildPhases = (
				6622BAC12EF0300600FF978E /* Sources */,
				6622BAC22EF0300600FF978E /* Frameworks */,
				6622BAC32EF0300600FF978E /* Resources */,
			);
			buildRules = (
			);
			dependencies = (
				6622BAC72EF0300600FF978E /* PBXTargetDependency */,
			);
			fileSystemSynchronizedGroups = (
				6622BAC82EF0300600FF978E /* TextClassificationTests */,
			);
			name = TextClassificationTests;
			packageProductDependencies = (
			);
			productName = TextClassificationTests;
			productReference = 6622BAC52EF0300600FF978E /* TextClassificationTests.xctest */;
			productType = "com.apple.product-type.bundle.unit-test";
		};
		6622BACE2EF0300600FF978E /* TextClassificationUITests */ = {
			isa = PBXNativeTarget;
			buildConfigurationList = 6622BADF2EF0300600FF978E /* Build configuration list for PBXNativeTarget "TextClassificationUITests" */;
			buildPhases = (
				6622BACB2EF0300600FF978E /* Sources */,
				6622BACC2EF0300600FF978E /* Frameworks */,
				6622BACD2EF0300600FF978E /* Resources */,
			);
			buildRules = (
			);
			dependencies = (
				6622BAD12EF0300600FF978E /* PBXTargetDependency */,
			);
			fileSystemSynchronizedGroups = (
				6622BAD22EF0300600FF978E /* TextClassificationUITests */,
			);
			name = TextClassificationUITests;
			packageProductDependencies = (
			);
			productName = TextClassificationUITests;
			productReference = 6622BACF2EF0300600FF978E /* TextClassificationUITests.xctest */;
			productType = "com.apple.product-type.bundle.ui-testing";
		};
/* End PBXNativeTarget section */

/* Begin PBXProject section */
		6622BAAE2EF0300500FF978E /* Project object */ = {
			isa = PBXProject;
			attributes = {
				BuildIndependentTargetsInParallel = 1;
				LastSwiftUpdateCheck = 2610;
				LastUpgradeCheck = 2610;
				TargetAttributes = {
					6622BAB52EF0300500FF978E = {
						CreatedOnToolsVersion = 26.1.1;
					};
					6622BAC42EF0300600FF978E = {
						CreatedOnToolsVersion = 26.1.1;
						TestTargetID = 6622BAB52EF0300500FF978E;
					};
					6622BACE2EF0300600FF978E = {
						CreatedOnToolsVersion = 26.1.1;
						TestTargetID = 6622BAB52EF0300500FF978E;
					};
				};
			};
			buildConfigurationList = 6622BAB12EF0300500FF978E /* Build configuration list for PBXProject "TextClassification" */;
			developmentRegion = en;
			hasScannedForEncodings = 0;
			knownRegions = (
				en,
				Base,
			);
			mainGroup = 6622BAAD2EF0300500FF978E;
			minimizedProjectReferenceProxies = 1;
			packageReferences = (
				6622BB2E2EF10BDC00FF978E /* XCRemoteSwiftPackageReference "SQLite" */,
			);
			preferredProjectObjectVersion = 77;
			productRefGroup = 6622BAB72EF0300500FF978E /* Products */;
			projectDirPath = "";
			projectRoot = "";
			targets = (
				6622BAB52EF0300500FF978E /* TextClassification */,
				6622BAC42EF0300600FF978E /* TextClassificationTests */,
				6622BACE2EF0300600FF978E /* TextClassificationUITests */,
			);
		};
/* End PBXProject section */

/* Begin PBXResourcesBuildPhase section */
		6622BAB42EF0300500FF978E /* Resources */ = {
			isa = PBXResourcesBuildPhase;
			buildActionMask = 2147483647;
			files = (
				6622BB482EF1409B00FF978E /* Localizable.xcstrings in Resources */,
				6622BB212EF0F7E200FF978E /* Assets.xcassets in Resources */,
			);
			runOnlyForDeploymentPostprocessing = 0;
		};
		6622BAC32EF0300600FF978E /* Resources */ = {
			isa = PBXResourcesBuildPhase;
			buildActionMask = 2147483647;
			files = (
			);
			runOnlyForDeploymentPostprocessing = 0;
		};
		6622BACD2EF0300600FF978E /* Resources */ = {
			isa = PBXResourcesBuildPhase;
			buildActionMask = 2147483647;
			files = (
			);
			runOnlyForDeploymentPostprocessing = 0;
		};
/* End PBXResourcesBuildPhase section */

/* Begin PBXSourcesBuildPhase section */
		6622BAB22EF0300500FF978E /* Sources */ = {
			isa = PBXSourcesBuildPhase;
			buildActionMask = 2147483647;
			files = (
				6622BB1E2EF0F7E200FF978E /* TextClassificationApp.swift in Sources */,
				6622BB3C2EF129EB00FF978E /* DataBaseViewModel.swift in Sources */,
				6622BB442EF1308C00FF978E /* ChatView.swift in Sources */,
				6622BB412EF12EEC00FF978E /* MessageBubble.swift in Sources */,
				6622BB1F2EF0F7E200FF978E /* ChatModel.swift in Sources */,
				6622BB2C2EF100E000FF978E /* ModelManager.swift in Sources */,
				6622BB3E2EF129F800FF978E /* DataBaseManager.swift in Sources */,
				6622BB202EF0F7E200FF978E /* WelcomeView.swift in Sources */,
				6622BB4A2EF141EB00FF978E /* ChatModule.swift in Sources */,
				6622BB462EF13D4200FF978E /* ChatViewModel.swift in Sources */,
				6622BB3A2EF1275A00FF978E /* MyTextClassifier.mlpackage in Sources */,
			);
			runOnlyForDeploymentPostprocessing = 0;
		};
		6622BAC12EF0300600FF978E /* Sources */ = {
			isa = PBXSourcesBuildPhase;
			buildActionMask = 2147483647;
			files = (
			);
			runOnlyForDeploymentPostprocessing = 0;
		};
		6622BACB2EF0300600FF978E /* Sources */ = {
			isa = PBXSourcesBuildPhase;
			buildActionMask = 2147483647;
			files = (
			);
			runOnlyForDeploymentPostprocessing = 0;
		};
/* End PBXSourcesBuildPhase section */

/* Begin PBXTargetDependency section */
		6622BAC72EF0300600FF978E /* PBXTargetDependency */ = {
			isa = PBXTargetDependency;
			target = 6622BAB52EF0300500FF978E /* TextClassification */;
			targetProxy = 6622BAC62EF0300600FF978E /* PBXContainerItemProxy */;
		};
		6622BAD12EF0300600FF978E /* PBXTargetDependency */ = {
			isa = PBXTargetDependency;
			target = 6622BAB52EF0300500FF978E /* TextClassification */;
			targetProxy = 6622BAD02EF0300600FF978E /* PBXContainerItemProxy */;
		};
/* End PBXTargetDependency section */

/* Begin XCBuildConfiguration section */
		6622BAD72EF0300600FF978E /* Debug */ = {
			isa = XCBuildConfiguration;
			buildSettings = {
				ALWAYS_SEARCH_USER_PATHS = NO;
				ASSETCATALOG_COMPILER_GENERATE_SWIFT_ASSET_SYMBOL_EXTENSIONS = YES;
				CLANG_ANALYZER_NONNULL = YES;
				CLANG_ANALYZER_NUMBER_OBJECT_CONVERSION = YES_AGGRESSIVE;
				CLANG_CXX_LANGUAGE_STANDARD = "gnu++20";
				CLANG_ENABLE_MODULES = YES;
				CLANG_ENABLE_OBJC_ARC = YES;
				CLANG_ENABLE_OBJC_WEAK = YES;
				CLANG_WARN_BLOCK_CAPTURE_AUTORELEASING = YES;
				CLANG_WARN_BOOL_CONVERSION = YES;
				CLANG_WARN_COMMA = YES;
				CLANG_WARN_CONSTANT_CONVERSION = YES;
				CLANG_WARN_DEPRECATED_OBJC_IMPLEMENTATIONS = YES;
				CLANG_WARN_DIRECT_OBJC_ISA_USAGE = YES_ERROR;
				CLANG_WARN_DOCUMENTATION_COMMENTS = YES;
				CLANG_WARN_EMPTY_BODY = YES;
				CLANG_WARN_ENUM_CONVERSION = YES;
				CLANG_WARN_INFINITE_RECURSION = YES;
				CLANG_WARN_INT_CONVERSION = YES;
				CLANG_WARN_NON_LITERAL_NULL_CONVERSION = YES;
				CLANG_WARN_OBJC_IMPLICIT_RETAIN_SELF = YES;
				CLANG_WARN_OBJC_LITERAL_CONVERSION = YES;
				CLANG_WARN_OBJC_ROOT_CLASS = YES_ERROR;
				CLANG_WARN_QUOTED_INCLUDE_IN_FRAMEWORK_HEADER = YES;
				CLANG_WARN_RANGE_LOOP_ANALYSIS = YES;
				CLANG_WARN_STRICT_PROTOTYPES = YES;
				CLANG_WARN_SUSPICIOUS_MOVE = YES;
				CLANG_WARN_UNGUARDED_AVAILABILITY = YES_AGGRESSIVE;
				CLANG_WARN_UNREACHABLE_CODE = YES;
				CLANG_WARN__DUPLICATE_METHOD_MATCH = YES;
				COPY_PHASE_STRIP = NO;
				DEBUG_INFORMATION_FORMAT = dwarf;
				DEVELOPMENT_TEAM = 54QFH7657J;
				ENABLE_STRICT_OBJC_MSGSEND = YES;
				ENABLE_TESTABILITY = YES;
				ENABLE_USER_SCRIPT_SANDBOXING = YES;
				GCC_C_LANGUAGE_STANDARD = gnu17;
				GCC_DYNAMIC_NO_PIC = NO;
				GCC_NO_COMMON_BLOCKS = YES;
				GCC_OPTIMIZATION_LEVEL = 0;
				GCC_PREPROCESSOR_DEFINITIONS = (
					"DEBUG=1",
					"$(inherited)",
				);
				GCC_WARN_64_TO_32_BIT_CONVERSION = YES;
				GCC_WARN_ABOUT_RETURN_TYPE = YES_ERROR;
				GCC_WARN_UNDECLARED_SELECTOR = YES;
				GCC_WARN_UNINITIALIZED_AUTOS = YES_AGGRESSIVE;
				GCC_WARN_UNUSED_FUNCTION = YES;
				GCC_WARN_UNUSED_VARIABLE = YES;
				IPHONEOS_DEPLOYMENT_TARGET = 26.1;
				LOCALIZATION_PREFERS_STRING_CATALOGS = YES;
				MTL_ENABLE_DEBUG_INFO = INCLUDE_SOURCE;
				MTL_FAST_MATH = YES;
				ONLY_ACTIVE_ARCH = YES;
				SDKROOT = iphoneos;
				SWIFT_ACTIVE_COMPILATION_CONDITIONS = "DEBUG $(inherited)";
				SWIFT_EMIT_LOC_STRINGS = YES;
				SWIFT_OPTIMIZATION_LEVEL = "-Onone";
			};
			name = Debug;
		};
		6622BAD82EF0300600FF978E /* Release */ = {
			isa = XCBuildConfiguration;
			buildSettings = {
				ALWAYS_SEARCH_USER_PATHS = NO;
				ASSETCATALOG_COMPILER_GENERATE_SWIFT_ASSET_SYMBOL_EXTENSIONS = YES;
				CLANG_ANALYZER_NONNULL = YES;
				CLANG_ANALYZER_NUMBER_OBJECT_CONVERSION = YES_AGGRESSIVE;
				CLANG_CXX_LANGUAGE_STANDARD = "gnu++20";
				CLANG_ENABLE_MODULES = YES;
				CLANG_ENABLE_OBJC_ARC = YES;
				CLANG_ENABLE_OBJC_WEAK = YES;
				CLANG_WARN_BLOCK_CAPTURE_AUTORELEASING = YES;
				CLANG_WARN_BOOL_CONVERSION = YES;
				CLANG_WARN_COMMA = YES;
				CLANG_WARN_CONSTANT_CONVERSION = YES;
				CLANG_WARN_DEPRECATED_OBJC_IMPLEMENTATIONS = YES;
				CLANG_WARN_DIRECT_OBJC_ISA_USAGE = YES_ERROR;
				CLANG_WARN_DOCUMENTATION_COMMENTS = YES;
				CLANG_WARN_EMPTY_BODY = YES;
				CLANG_WARN_ENUM_CONVERSION = YES;
				CLANG_WARN_INFINITE_RECURSION = YES;
				CLANG_WARN_INT_CONVERSION = YES;
				CLANG_WARN_NON_LITERAL_NULL_CONVERSION = YES;
				CLANG_WARN_OBJC_IMPLICIT_RETAIN_SELF = YES;
				CLANG_WARN_OBJC_LITERAL_CONVERSION = YES;
				CLANG_WARN_OBJC_ROOT_CLASS = YES_ERROR;
				CLANG_WARN_QUOTED_INCLUDE_IN_FRAMEWORK_HEADER = YES;
				CLANG_WARN_RANGE_LOOP_ANALYSIS = YES;
				CLANG_WARN_STRICT_PROTOTYPES = YES;
				CLANG_WARN_SUSPICIOUS_MOVE = YES;
				CLANG_WARN_UNGUARDED_AVAILABILITY = YES_AGGRESSIVE;
				CLANG_WARN_UNREACHABLE_CODE = YES;
				CLANG_WARN__DUPLICATE_METHOD_MATCH = YES;
				COPY_PHASE_STRIP = NO;
				DEBUG_INFORMATION_FORMAT = "dwarf-with-dsym";
				DEVELOPMENT_TEAM = 54QFH7657J;
				ENABLE_NS_ASSERTIONS = NO;
				ENABLE_STRICT_OBJC_MSGSEND = YES;
				ENABLE_USER_SCRIPT_SANDBOXING = YES;
				GCC_C_LANGUAGE_STANDARD = gnu17;
				GCC_NO_COMMON_BLOCKS = YES;
				GCC_WARN_64_TO_32_BIT_CONVERSION = YES;
				GCC_WARN_ABOUT_RETURN_TYPE = YES_ERROR;
				GCC_WARN_UNDECLARED_SELECTOR = YES;
				GCC_WARN_UNINITIALIZED_AUTOS = YES_AGGRESSIVE;
				GCC_WARN_UNUSED_FUNCTION = YES;
				GCC_WARN_UNUSED_VARIABLE = YES;
				IPHONEOS_DEPLOYMENT_TARGET = 26.1;
				LOCALIZATION_PREFERS_STRING_CATALOGS = YES;
				MTL_ENABLE_DEBUG_INFO = NO;
				MTL_FAST_MATH = YES;
				SDKROOT = iphoneos;
				SWIFT_COMPILATION_MODE = wholemodule;
				SWIFT_EMIT_LOC_STRINGS = YES;
				VALIDATE_PRODUCT = YES;
			};
			name = Release;
		};
		6622BADA2EF0300600FF978E /* Debug */ = {
			isa = XCBuildConfiguration;
			buildSettings = {
				ASSETCATALOG_COMPILER_APPICON_NAME = AppIcon;
				ASSETCATALOG_COMPILER_GLOBAL_ACCENT_COLOR_NAME = AccentColor;
				CODE_SIGN_STYLE = Automatic;
				CURRENT_PROJECT_VERSION = 1;
				DEVELOPMENT_TEAM = 54QFH7657J;
				ENABLE_PREVIEWS = YES;
				GENERATE_INFOPLIST_FILE = YES;
				INFOPLIST_KEY_UIApplicationSceneManifest_Generation = YES;
				INFOPLIST_KEY_UIApplicationSupportsIndirectInputEvents = YES;
				INFOPLIST_KEY_UILaunchScreen_Generation = YES;
				INFOPLIST_KEY_UISupportedInterfaceOrientations_iPad = "UIInterfaceOrientationPortrait UIInterfaceOrientationPortraitUpsideDown UIInterfaceOrientationLandscapeLeft UIInterfaceOrientationLandscapeRight";
				INFOPLIST_KEY_UISupportedInterfaceOrientations_iPhone = "UIInterfaceOrientationPortrait UIInterfaceOrientationLandscapeLeft UIInterfaceOrientationLandscapeRight";
				LD_RUNPATH_SEARCH_PATHS = (
					"$(inherited)",
					"@executable_path/Frameworks",
				);
				MARKETING_VERSION = 1.0;
				PRODUCT_BUNDLE_IDENTIFIER = com.TextClassification;
				PRODUCT_NAME = "$(TARGET_NAME)";
				STRING_CATALOG_GENERATE_SYMBOLS = YES;
				SWIFT_APPROACHABLE_CONCURRENCY = YES;
				SWIFT_DEFAULT_ACTOR_ISOLATION = MainActor;
				SWIFT_EMIT_LOC_STRINGS = YES;
				SWIFT_UPCOMING_FEATURE_MEMBER_IMPORT_VISIBILITY = YES;
				SWIFT_VERSION = 5.0;
				TARGETED_DEVICE_FAMILY = "1,2";
			};
			name = Debug;
		};
		6622BADB2EF0300600FF978E /* Release */ = {
			isa = XCBuildConfiguration;
			buildSettings = {
				ASSETCATALOG_COMPILER_APPICON_NAME = AppIcon;
				ASSETCATALOG_COMPILER_GLOBAL_ACCENT_COLOR_NAME = AccentColor;
				CODE_SIGN_STYLE = Automatic;
				CURRENT_PROJECT_VERSION = 1;
				DEVELOPMENT_TEAM = 54QFH7657J;
				ENABLE_PREVIEWS = YES;
				GENERATE_INFOPLIST_FILE = YES;
				INFOPLIST_KEY_UIApplicationSceneManifest_Generation = YES;
				INFOPLIST_KEY_UIApplicationSupportsIndirectInputEvents = YES;
				INFOPLIST_KEY_UILaunchScreen_Generation = YES;
				INFOPLIST_KEY_UISupportedInterfaceOrientations_iPad = "UIInterfaceOrientationPortrait UIInterfaceOrientationPortraitUpsideDown UIInterfaceOrientationLandscapeLeft UIInterfaceOrientationLandscapeRight";
				INFOPLIST_KEY_UISupportedInterfaceOrientations_iPhone = "UIInterfaceOrientationPortrait UIInterfaceOrientationLandscapeLeft UIInterfaceOrientationLandscapeRight";
				LD_RUNPATH_SEARCH_PATHS = (
					"$(inherited)",
					"@executable_path/Frameworks",
				);
				MARKETING_VERSION = 1.0;
				PRODUCT_BUNDLE_IDENTIFIER = com.TextClassification;
				PRODUCT_NAME = "$(TARGET_NAME)";
				STRING_CATALOG_GENERATE_SYMBOLS = YES;
				SWIFT_APPROACHABLE_CONCURRENCY = YES;
				SWIFT_DEFAULT_ACTOR_ISOLATION = MainActor;
				SWIFT_EMIT_LOC_STRINGS = YES;
				SWIFT_UPCOMING_FEATURE_MEMBER_IMPORT_VISIBILITY = YES;
				SWIFT_VERSION = 5.0;
				TARGETED_DEVICE_FAMILY = "1,2";
			};
			name = Release;
		};
		6622BADD2EF0300600FF978E /* Debug */ = {
			isa = XCBuildConfiguration;
			buildSettings = {
				BUNDLE_LOADER = "$(TEST_HOST)";
				CODE_SIGN_STYLE = Automatic;
				CURRENT_PROJECT_VERSION = 1;
				DEVELOPMENT_TEAM = 54QFH7657J;
				GENERATE_INFOPLIST_FILE = YES;
				IPHONEOS_DEPLOYMENT_TARGET = 26.1;
				MARKETING_VERSION = 1.0;
				PRODUCT_BUNDLE_IDENTIFIER = com.TextClassificationTests;
				PRODUCT_NAME = "$(TARGET_NAME)";
				STRING_CATALOG_GENERATE_SYMBOLS = NO;
				SWIFT_APPROACHABLE_CONCURRENCY = YES;
				SWIFT_EMIT_LOC_STRINGS = NO;
				SWIFT_UPCOMING_FEATURE_MEMBER_IMPORT_VISIBILITY = YES;
				SWIFT_VERSION = 5.0;
				TARGETED_DEVICE_FAMILY = "1,2";
				TEST_HOST = "$(BUILT_PRODUCTS_DIR)/TextClassification.app/$(BUNDLE_EXECUTABLE_FOLDER_PATH)/TextClassification";
			};
			name = Debug;
		};
		6622BADE2EF0300600FF978E /* Release */ = {
			isa = XCBuildConfiguration;
			buildSettings = {
				BUNDLE_LOADER = "$(TEST_HOST)";
				CODE_SIGN_STYLE = Automatic;
				CURRENT_PROJECT_VERSION = 1;
				DEVELOPMENT_TEAM = 54QFH7657J;
				GENERATE_INFOPLIST_FILE = YES;
				IPHONEOS_DEPLOYMENT_TARGET = 26.1;
				MARKETING_VERSION = 1.0;
				PRODUCT_BUNDLE_IDENTIFIER = com.TextClassificationTests;
				PRODUCT_NAME = "$(TARGET_NAME)";
				STRING_CATALOG_GENERATE_SYMBOLS = NO;
				SWIFT_APPROACHABLE_CONCURRENCY = YES;
				SWIFT_EMIT_LOC_STRINGS = NO;
				SWIFT_UPCOMING_FEATURE_MEMBER_IMPORT_VISIBILITY = YES;
				SWIFT_VERSION = 5.0;
				TARGETED_DEVICE_FAMILY = "1,2";
				TEST_HOST = "$(BUILT_PRODUCTS_DIR)/TextClassification.app/$(BUNDLE_EXECUTABLE_FOLDER_PATH)/TextClassification";
			};
			name = Release;
		};
		6622BAE02EF0300600FF978E /* Debug */ = {
			isa = XCBuildConfiguration;
			buildSettings = {
				CODE_SIGN_STYLE = Automatic;
				CURRENT_PROJECT_VERSION = 1;
				DEVELOPMENT_TEAM = 54QFH7657J;
				GENERATE_INFOPLIST_FILE = YES;
				MARKETING_VERSION = 1.0;
				PRODUCT_BUNDLE_IDENTIFIER = com.TextClassificationUITests;
				PRODUCT_NAME = "$(TARGET_NAME)";
				STRING_CATALOG_GENERATE_SYMBOLS = NO;
				SWIFT_APPROACHABLE_CONCURRENCY = YES;
				SWIFT_EMIT_LOC_STRINGS = NO;
				SWIFT_UPCOMING_FEATURE_MEMBER_IMPORT_VISIBILITY = YES;
				SWIFT_VERSION = 5.0;
				TARGETED_DEVICE_FAMILY = "1,2";
				TEST_TARGET_NAME = TextClassification;
			};
			name = Debug;
		};
		6622BAE12EF0300600FF978E /* Release */ = {
			isa = XCBuildConfiguration;
			buildSettings = {
				CODE_SIGN_STYLE = Automatic;
				CURRENT_PROJECT_VERSION = 1;
				DEVELOPMENT_TEAM = 54QFH7657J;
				GENERATE_INFOPLIST_FILE = YES;
				MARKETING_VERSION = 1.0;
				PRODUCT_BUNDLE_IDENTIFIER = com.TextClassificationUITests;
				PRODUCT_NAME = "$(TARGET_NAME)";
				STRING_CATALOG_GENERATE_SYMBOLS = NO;
				SWIFT_APPROACHABLE_CONCURRENCY = YES;
				SWIFT_EMIT_LOC_STRINGS = NO;
				SWIFT_UPCOMING_FEATURE_MEMBER_IMPORT_VISIBILITY = YES;
				SWIFT_VERSION = 5.0;
				TARGETED_DEVICE_FAMILY = "1,2";
				TEST_TARGET_NAME = TextClassification;
			};
			name = Release;
		};
/* End XCBuildConfiguration section */

/* Begin XCConfigurationList section */
		6622BAB12EF0300500FF978E /* Build configuration list for PBXProject "TextClassification" */ = {
			isa = XCConfigurationList;
			buildConfigurations = (
				6622BAD72EF0300600FF978E /* Debug */,
				6622BAD82EF0300600FF978E /* Release */,
			);
			defaultConfigurationIsVisible = 0;
			defaultConfigurationName = Release;
		};
		6622BAD92EF0300600FF978E /* Build configuration list for PBXNativeTarget "TextClassification" */ = {
			isa = XCConfigurationList;
			buildConfigurations = (
				6622BADA2EF0300600FF978E /* Debug */,
				6622BADB2EF0300600FF978E /* Release */,
			);
			defaultConfigurationIsVisible = 0;
			defaultConfigurationName = Release;
		};
		6622BADC2EF0300600FF978E /* Build configuration list for PBXNativeTarget "TextClassificationTests" */ = {
			isa = XCConfigurationList;
			buildConfigurations = (
				6622BADD2EF0300600FF978E /* Debug */,
				6622BADE2EF0300600FF978E /* Release */,
			);
			defaultConfigurationIsVisible = 0;
			defaultConfigurationName = Release;
		};
		6622BADF2EF0300600FF978E /* Build configuration list for PBXNativeTarget "TextClassificationUITests" */ = {
			isa = XCConfigurationList;
			buildConfigurations = (
				6622BAE02EF0300600FF978E /* Debug */,
				6622BAE12EF0300600FF978E /* Release */,
			);
			defaultConfigurationIsVisible = 0;
			defaultConfigurationName = Release;
		};
/* End XCConfigurationList section */

/* Begin XCRemoteSwiftPackageReference section */
		6622BB2E2EF10BDC00FF978E /* XCRemoteSwiftPackageReference "SQLite" */ = {
			isa = XCRemoteSwiftPackageReference;
			repositoryURL = "https://github.com/stephencelis/SQLite.swift";
			requirement = {
				kind = upToNextMajorVersion;
				minimumVersion = 0.15.4;
			};
		};
/* End XCRemoteSwiftPackageReference section */

/* Begin XCSwiftPackageProductDependency section */
		6622BB332EF10DDA00FF978E /* SQLite */ = {
			isa = XCSwiftPackageProductDependency;
			package = 6622BB2E2EF10BDC00FF978E /* XCRemoteSwiftPackageReference "SQLite" */;
			productName = SQLite;
		};
/* End XCSwiftPackageProductDependency section */
	};
	rootObject = 6622BAAE2EF0300500FF978E /* Project object */;
}
